
Microsoft Visual Studio Solution File, Format Version 12.00
# Visual Studio Version 17
VisualStudioVersion = 17.8.34511.84
MinimumVisualStudioVersion = 10.0.40219.1
Project("{FAE04EC0-301F-11D3-BF4B-00C04F79EFBC}") = "Tuan3", "Tuan3\Tuan3.csproj", "{4D7BDEED-B921-4BEB-B29E-FFFF5E779470}"
EndProject
Global
	GlobalSection(SolutionConfigurationPlatforms) = preSolution
		Debug|Any CPU = Debug|Any CPU
		Release|Any CPU = Release|Any CPU
	EndGlobalSection
	GlobalSection(ProjectConfigurationPlatforms) = postSolution
		{4D7BDEED-B921-4BEB-B29E-FFFF5E779470}.Debug|Any CPU.ActiveCfg = Debug|Any CPU
		{4D7BDEED-B921-4BEB-B29E-FFFF5E779470}.Debug|Any CPU.Build.0 = Debug|Any CPU
		{4D7BDEED-B921-4BEB-B29E-FFFF5E779470}.Release|Any CPU.ActiveCfg = Release|Any CPU
		{4D7BDEED-B921-4BEB-B29E-FFFF5E779470}.Release|Any CPU.Build.0 = Release|Any CPU
	EndGlobalSection
	GlobalSection(SolutionProperties) = preSolution
		HideSolutionNode = FALSE
	EndGlobalSection
	GlobalSection(ExtensibilityGlobals) = postSolution
		SolutionGuid = {51D3211F-AD39-4271-A85F-719D16CF929A}
	EndGlobalSection
EndGlobal
